{
    "_readme": [
        "This file locks the dependencies of your project to a known state",
        "Read more about it at https://getcomposer.org/doc/01-basic-usage.md#installing-dependencies",
        "This file is @generated automatically"
    ],
    "content-hash": "645dad721a6e65f4688d873ccfa2925e",
    "packages": [
        {
            "name": "smi2/phpclickhouse",
            "version": "1.4.6",
            "source": {
                "type": "git",
                "url": "https://github.com/smi2/phpClickHouse.git",
                "reference": "1c6f935e6fbea7e9935a1f9e76afa01bca0de5fe"
            },
            "dist": {
                "type": "zip",
                "url": "https://api.github.com/repos/smi2/phpClickHouse/zipball/1c6f935e6fbea7e9935a1f9e76afa01bca0de5fe",
                "reference": "1c6f935e6fbea7e9935a1f9e76afa01bca0de5fe",
                "shasum": ""
            },
            "require": {
                "ext-curl": "*",
                "ext-json": "*",
                "php": "^7.3|^8.0"
            },
            "require-dev": {
                "doctrine/coding-standard": "^8.2",
                "phpstan/phpstan": "^0.12",
                "phpunit/phpunit": "^9.5",
                "sebastian/comparator": "^4.0"
            },
            "type": "library",
            "autoload": {
                "psr-4": {
                    "ClickHouseDB\\": "src/"
                }
            },
            "notification-url": "https://packagist.org/downloads/",
            "license": [
                "MIT"
            ],
            "authors": [
                {
                    "name": "Igor Strykhar",
                    "email": "isublimity@gmail.com",
                    "homepage": "https://github.com/isublimity"
                }
            ],
            "description": "PHP ClickHouse Client",
            "homepage": "https://github.com/smi2/phpClickHouse",
            "keywords": [
                "clickhouse",
                "client",
                "curl",
                "driver",
                "http",
                "http client",
                "php"
            ],
            "support": {
                "issues": "https://github.com/smi2/phpClickHouse/issues",
                "source": "https://github.com/smi2/phpClickHouse/tree/1.4.6"
            },
            "time": "2022-06-22T08:59:34+00:00"
        }
    ],
    "packages-dev": [],
    "aliases": [],
    "minimum-stability": "stable",
    "stability-flags": [],
    "prefer-stable": false,
    "prefer-lowest": false,
    "platform": [],
    "platform-dev": [],
    "plugin-api-version": "2.2.0"
}
